
Microsoft Visual Studio Solution File, Format Version 12.00
# Visual Studio Version 17
VisualStudioVersion = 17.5.33530.505
MinimumVisualStudioVersion = 10.0.40219.1
Project("{FAE04EC0-301F-11D3-BF4B-00C04F79EFBC}") = "dotnet6test.API", "dotnet 6 test\dotnet6test.API.csproj", "{60934B76-8F09-4952-BA55-107C44E849AD}"
EndProject
Project("{FAE04EC0-301F-11D3-BF4B-00C04F79EFBC}") = "dotnet6test.Domain", "dotnet6.Domain\dotnet6test.Domain.csproj", "{014D12AC-6E58-4CE2-A985-12185783BDA8}"
EndProject
Project("{FAE04EC0-301F-11D3-BF4B-00C04F79EFBC}") = "dotnet6test.Infrastructure", "dotnet6test.Infrastructure\dotnet6test.Infrastructure.csproj", "{1447CA54-A268-4D48-BF2C-087628A7C711}"
EndProject
Global
	GlobalSection(SolutionConfigurationPlatforms) = preSolution
		Debug|Any CPU = Debug|Any CPU
		Release|Any CPU = Release|Any CPU
	EndGlobalSection
	GlobalSection(ProjectConfigurationPlatforms) = postSolution
		{60934B76-8F09-4952-BA55-107C44E849AD}.Debug|Any CPU.ActiveCfg = Debug|Any CPU
		{60934B76-8F09-4952-BA55-107C44E849AD}.Debug|Any CPU.Build.0 = Debug|Any CPU
		{60934B76-8F09-4952-BA55-107C44E849AD}.Release|Any CPU.ActiveCfg = Release|Any CPU
		{60934B76-8F09-4952-BA55-107C44E849AD}.Release|Any CPU.Build.0 = Release|Any CPU
		{014D12AC-6E58-4CE2-A985-12185783BDA8}.Debug|Any CPU.ActiveCfg = Debug|Any CPU
		{014D12AC-6E58-4CE2-A985-12185783BDA8}.Debug|Any CPU.Build.0 = Debug|Any CPU
		{014D12AC-6E58-4CE2-A985-12185783BDA8}.Release|Any CPU.ActiveCfg = Release|Any CPU
		{014D12AC-6E58-4CE2-A985-12185783BDA8}.Release|Any CPU.Build.0 = Release|Any CPU
		{1447CA54-A268-4D48-BF2C-087628A7C711}.Debug|Any CPU.ActiveCfg = Debug|Any CPU
		{1447CA54-A268-4D48-BF2C-087628A7C711}.Debug|Any CPU.Build.0 = Debug|Any CPU
		{1447CA54-A268-4D48-BF2C-087628A7C711}.Release|Any CPU.ActiveCfg = Release|Any CPU
		{1447CA54-A268-4D48-BF2C-087628A7C711}.Release|Any CPU.Build.0 = Release|Any CPU
	EndGlobalSection
	GlobalSection(SolutionProperties) = preSolution
		HideSolutionNode = FALSE
	EndGlobalSection
	GlobalSection(ExtensibilityGlobals) = postSolution
		SolutionGuid = {8116FC7D-5AD3-4D6F-A98A-CDE2B3D87A6D}
	EndGlobalSection
EndGlobal
